// !$*UTF8*$!
{
	archiveVersion = 1;
	classes = {
	};
	objectVersion = 56;
	objects = {

/* Begin PBXBuildFile section */
		00970B532BF28A1E007241D9 /* SportsSync.xcdatamodeld in Sources */ = {isa = PBXBuildFile; fileRef = 00970B512BF28A1E007241D9 /* SportsSync.xcdatamodeld */; };
		00970B5F2BF2C038007241D9 /* ApiConstants.swift in Sources */ = {isa = PBXBuildFile; fileRef = 00970B5E2BF2C038007241D9 /* ApiConstants.swift */; };
		00972E6D2BF3E16B00CC123E /* NetworkManager.swift in Sources */ = {isa = PBXBuildFile; fileRef = 00972E6C2BF3E16B00CC123E /* NetworkManager.swift */; };
		00972E702BF3E53000CC123E /* Reachability in Frameworks */ = {isa = PBXBuildFile; productRef = 00972E6F2BF3E53000CC123E /* Reachability */; };
		0098CEEC2BEE5F2100138570 /* AppDelegate.swift in Sources */ = {isa = PBXBuildFile; fileRef = 0098CEEB2BEE5F2100138570 /* AppDelegate.swift */; };
		0098CEEE2BEE5F2100138570 /* SceneDelegate.swift in Sources */ = {isa = PBXBuildFile; fileRef = 0098CEED2BEE5F2100138570 /* SceneDelegate.swift */; };
		0098CEF02BEE5F2100138570 /* ViewController.swift in Sources */ = {isa = PBXBuildFile; fileRef = 0098CEEF2BEE5F2100138570 /* ViewController.swift */; };
		0098CEF82BEE5F2200138570 /* Assets.xcassets in Resources */ = {isa = PBXBuildFile; fileRef = 0098CEF72BEE5F2200138570 /* Assets.xcassets */; };
		0098CF062BEE5F2300138570 /* SportsSyncTests.swift in Sources */ = {isa = PBXBuildFile; fileRef = 0098CF052BEE5F2300138570 /* SportsSyncTests.swift */; };
		0098CF102BEE5F2300138570 /* SportsSyncUITests.swift in Sources */ = {isa = PBXBuildFile; fileRef = 0098CF0F2BEE5F2300138570 /* SportsSyncUITests.swift */; };
		0098CF122BEE5F2300138570 /* SportsSyncUITestsLaunchTests.swift in Sources */ = {isa = PBXBuildFile; fileRef = 0098CF112BEE5F2300138570 /* SportsSyncUITestsLaunchTests.swift */; };
		0098CF1F2BEE78F600138570 /* HomeViewController.swift in Sources */ = {isa = PBXBuildFile; fileRef = 0098CF1E2BEE78F600138570 /* HomeViewController.swift */; };
		009BEE7C2BF15A4300D6FB25 /* FavoriteViewController.swift in Sources */ = {isa = PBXBuildFile; fileRef = 009BEE7B2BF15A4300D6FB25 /* FavoriteViewController.swift */; };
		009BEE7E2BF15E7B00D6FB25 /* FavoriteViewModel.swift in Sources */ = {isa = PBXBuildFile; fileRef = 009BEE7D2BF15E7B00D6FB25 /* FavoriteViewModel.swift */; };
		009BEE802BF1616300D6FB25 /* CoreDataHandler.swift in Sources */ = {isa = PBXBuildFile; fileRef = 009BEE7F2BF1616300D6FB25 /* CoreDataHandler.swift */; };
		009D69E62BF50EDE001FFEAD /* Alamofire in Frameworks */ = {isa = PBXBuildFile; productRef = 009D69E52BF50EDE001FFEAD /* Alamofire */; };
		B99580B62BEF71A900454827 /* Teams.swift in Sources */ = {isa = PBXBuildFile; fileRef = B99580B52BEF71A900454827 /* Teams.swift */; };
		B99580B82BEF71E200454827 /* Player.swift in Sources */ = {isa = PBXBuildFile; fileRef = B99580B72BEF71E200454827 /* Player.swift */; };
		B9A33DC22BF3FD4600E47CEA /* Main.storyboard in Resources */ = {isa = PBXBuildFile; fileRef = B9A33DC12BF3FD4600E47CEA /* Main.storyboard */; };
		B9A33DC72BF4095000E47CEA /* TeamDetailsViewController.swift in Sources */ = {isa = PBXBuildFile; fileRef = B9A33DC62BF4095000E47CEA /* TeamDetailsViewController.swift */; };
		B9A33DC92BF4099700E47CEA /* PlayerCollectionViewCell.swift in Sources */ = {isa = PBXBuildFile; fileRef = B9A33DC82BF4099700E47CEA /* PlayerCollectionViewCell.swift */; };
		B9A33DCB2BF409C700E47CEA /* TeamSectionHeader.swift in Sources */ = {isa = PBXBuildFile; fileRef = B9A33DCA2BF409C700E47CEA /* TeamSectionHeader.swift */; };
		B9A33DD02BF40A5D00E47CEA /* EventsViewModel.swift in Sources */ = {isa = PBXBuildFile; fileRef = B9A33DCF2BF40A5D00E47CEA /* EventsViewModel.swift */; };
		B9A33DD22BF40ABA00E47CEA /* EventsCollectionViewController.swift in Sources */ = {isa = PBXBuildFile; fileRef = B9A33DD12BF40ABA00E47CEA /* EventsCollectionViewController.swift */; };
		B9A33DD42BF40AE400E47CEA /* UpComingCollectionViewCell.swift in Sources */ = {isa = PBXBuildFile; fileRef = B9A33DD32BF40AE400E47CEA /* UpComingCollectionViewCell.swift */; };
		B9A33DD62BF40B0400E47CEA /* LatestCollectionViewCell.swift in Sources */ = {isa = PBXBuildFile; fileRef = B9A33DD52BF40B0400E47CEA /* LatestCollectionViewCell.swift */; };
		B9A33DD82BF40B2200E47CEA /* TeamsCollectionViewCell.swift in Sources */ = {isa = PBXBuildFile; fileRef = B9A33DD72BF40B2200E47CEA /* TeamsCollectionViewCell.swift */; };
		B9A33DDA2BF40B5000E47CEA /* SectionHeaderView.swift in Sources */ = {isa = PBXBuildFile; fileRef = B9A33DD92BF40B5000E47CEA /* SectionHeaderView.swift */; };
		B9A33DDC2BF40BD000E47CEA /* EventsStoryboard.storyboard in Resources */ = {isa = PBXBuildFile; fileRef = B9A33DDB2BF40BD000E47CEA /* EventsStoryboard.storyboard */; };
		E81E6EC62BEFA2C100AC2DD6 /* LeaguesViewController.swift in Sources */ = {isa = PBXBuildFile; fileRef = E81E6EC52BEFA2C100AC2DD6 /* LeaguesViewController.swift */; };
		E81E6EC92BEFA3D500AC2DD6 /* LeagueTableViewCell.swift in Sources */ = {isa = PBXBuildFile; fileRef = E81E6EC72BEFA3D500AC2DD6 /* LeagueTableViewCell.swift */; };
		E81E6ECA2BEFA3D500AC2DD6 /* LeagueTableViewCell.xib in Resources */ = {isa = PBXBuildFile; fileRef = E81E6EC82BEFA3D500AC2DD6 /* LeagueTableViewCell.xib */; };
		E81E6ED12BEFB09800AC2DD6 /* LeaguesViewModel.swift in Sources */ = {isa = PBXBuildFile; fileRef = E81E6ED02BEFB09800AC2DD6 /* LeaguesViewModel.swift */; };
		E81E6ED32BEFBD4900AC2DD6 /* NetworkProtocol.swift in Sources */ = {isa = PBXBuildFile; fileRef = E81E6ED22BEFBD4900AC2DD6 /* NetworkProtocol.swift */; };
		E81E6ED62BEFC5D300AC2DD6 /* Kingfisher in Frameworks */ = {isa = PBXBuildFile; productRef = E81E6ED52BEFC5D300AC2DD6 /* Kingfisher */; };
		E957B7D72BEF49C4008194B3 /* LeagueResponse.swift in Sources */ = {isa = PBXBuildFile; fileRef = E957B7D62BEF49C4008194B3 /* LeagueResponse.swift */; };
		E957B7DB2BEF4A4F008194B3 /* ApiService.swift in Sources */ = {isa = PBXBuildFile; fileRef = E957B7DA2BEF4A4F008194B3 /* ApiService.swift */; };
		E957B7DE2BEF4FE6008194B3 /* EventsResponse.swift in Sources */ = {isa = PBXBuildFile; fileRef = E957B7DD2BEF4FE6008194B3 /* EventsResponse.swift */; };
/* End PBXBuildFile section */

/* Begin PBXContainerItemProxy section */
		0098CF022BEE5F2300138570 /* PBXContainerItemProxy */ = {
			isa = PBXContainerItemProxy;
			containerPortal = 0098CEE02BEE5F2000138570 /* Project object */;
			proxyType = 1;
			remoteGlobalIDString = 0098CEE72BEE5F2100138570;
			remoteInfo = SportsSync;
		};
		0098CF0C2BEE5F2300138570 /* PBXContainerItemProxy */ = {
			isa = PBXContainerItemProxy;
			containerPortal = 0098CEE02BEE5F2000138570 /* Project object */;
			proxyType = 1;
			remoteGlobalIDString = 0098CEE72BEE5F2100138570;
			remoteInfo = SportsSync;
		};
/* End PBXContainerItemProxy section */

/* Begin PBXFileReference section */
		00970B522BF28A1E007241D9 /* SportsSync.xcdatamodel */ = {isa = PBXFileReference; lastKnownFileType = wrapper.xcdatamodel; path = SportsSync.xcdatamodel; sourceTree = "<group>"; };
		00970B592BF2B8C3007241D9 /* LaunchScreen.storyboard */ = {isa = PBXFileReference; lastKnownFileType = file.storyboard; path = LaunchScreen.storyboard; sourceTree = "<group>"; };
		00970B5E2BF2C038007241D9 /* ApiConstants.swift */ = {isa = PBXFileReference; lastKnownFileType = sourcecode.swift; path = ApiConstants.swift; sourceTree = "<group>"; };
		00972E6C2BF3E16B00CC123E /* NetworkManager.swift */ = {isa = PBXFileReference; lastKnownFileType = sourcecode.swift; path = NetworkManager.swift; sourceTree = "<group>"; };
		0098CEE82BEE5F2100138570 /* SportsSync.app */ = {isa = PBXFileReference; explicitFileType = wrapper.application; includeInIndex = 0; path = SportsSync.app; sourceTree = BUILT_PRODUCTS_DIR; };
		0098CEEB2BEE5F2100138570 /* AppDelegate.swift */ = {isa = PBXFileReference; lastKnownFileType = sourcecode.swift; path = AppDelegate.swift; sourceTree = "<group>"; };
		0098CEED2BEE5F2100138570 /* SceneDelegate.swift */ = {isa = PBXFileReference; lastKnownFileType = sourcecode.swift; path = SceneDelegate.swift; sourceTree = "<group>"; };
		0098CEEF2BEE5F2100138570 /* ViewController.swift */ = {isa = PBXFileReference; lastKnownFileType = sourcecode.swift; path = ViewController.swift; sourceTree = "<group>"; };
		0098CEF72BEE5F2200138570 /* Assets.xcassets */ = {isa = PBXFileReference; lastKnownFileType = folder.assetcatalog; path = Assets.xcassets; sourceTree = "<group>"; };
		0098CEFC2BEE5F2200138570 /* Info.plist */ = {isa = PBXFileReference; lastKnownFileType = text.plist.xml; path = Info.plist; sourceTree = "<group>"; };
		0098CF012BEE5F2300138570 /* SportsSyncTests.xctest */ = {isa = PBXFileReference; explicitFileType = wrapper.cfbundle; includeInIndex = 0; path = SportsSyncTests.xctest; sourceTree = BUILT_PRODUCTS_DIR; };
		0098CF052BEE5F2300138570 /* SportsSyncTests.swift */ = {isa = PBXFileReference; lastKnownFileType = sourcecode.swift; path = SportsSyncTests.swift; sourceTree = "<group>"; };
		0098CF0B2BEE5F2300138570 /* SportsSyncUITests.xctest */ = {isa = PBXFileReference; explicitFileType = wrapper.cfbundle; includeInIndex = 0; path = SportsSyncUITests.xctest; sourceTree = BUILT_PRODUCTS_DIR; };
		0098CF0F2BEE5F2300138570 /* SportsSyncUITests.swift */ = {isa = PBXFileReference; lastKnownFileType = sourcecode.swift; path = SportsSyncUITests.swift; sourceTree = "<group>"; };
		0098CF112BEE5F2300138570 /* SportsSyncUITestsLaunchTests.swift */ = {isa = PBXFileReference; lastKnownFileType = sourcecode.swift; path = SportsSyncUITestsLaunchTests.swift; sourceTree = "<group>"; };
		0098CF1E2BEE78F600138570 /* HomeViewController.swift */ = {isa = PBXFileReference; lastKnownFileType = sourcecode.swift; path = HomeViewController.swift; sourceTree = "<group>"; };
		009BEE7B2BF15A4300D6FB25 /* FavoriteViewController.swift */ = {isa = PBXFileReference; lastKnownFileType = sourcecode.swift; path = FavoriteViewController.swift; sourceTree = "<group>"; };
		009BEE7D2BF15E7B00D6FB25 /* FavoriteViewModel.swift */ = {isa = PBXFileReference; lastKnownFileType = sourcecode.swift; path = FavoriteViewModel.swift; sourceTree = "<group>"; };
		009BEE7F2BF1616300D6FB25 /* CoreDataHandler.swift */ = {isa = PBXFileReference; lastKnownFileType = sourcecode.swift; path = CoreDataHandler.swift; sourceTree = "<group>"; };
		B99580B52BEF71A900454827 /* Teams.swift */ = {isa = PBXFileReference; lastKnownFileType = sourcecode.swift; name = Teams.swift; path = SportsSync/Model/Teams.swift; sourceTree = SOURCE_ROOT; };
		B99580B72BEF71E200454827 /* Player.swift */ = {isa = PBXFileReference; lastKnownFileType = sourcecode.swift; path = Player.swift; sourceTree = "<group>"; };
		B9A33DC12BF3FD4600E47CEA /* Main.storyboard */ = {isa = PBXFileReference; lastKnownFileType = file.storyboard; path = Main.storyboard; sourceTree = "<group>"; };
		B9A33DC62BF4095000E47CEA /* TeamDetailsViewController.swift */ = {isa = PBXFileReference; lastKnownFileType = sourcecode.swift; path = TeamDetailsViewController.swift; sourceTree = "<group>"; };
		B9A33DC82BF4099700E47CEA /* PlayerCollectionViewCell.swift */ = {isa = PBXFileReference; lastKnownFileType = sourcecode.swift; path = PlayerCollectionViewCell.swift; sourceTree = "<group>"; };
		B9A33DCA2BF409C700E47CEA /* TeamSectionHeader.swift */ = {isa = PBXFileReference; lastKnownFileType = sourcecode.swift; path = TeamSectionHeader.swift; sourceTree = "<group>"; };
		B9A33DCF2BF40A5D00E47CEA /* EventsViewModel.swift */ = {isa = PBXFileReference; lastKnownFileType = sourcecode.swift; path = EventsViewModel.swift; sourceTree = "<group>"; };
		B9A33DD12BF40ABA00E47CEA /* EventsCollectionViewController.swift */ = {isa = PBXFileReference; lastKnownFileType = sourcecode.swift; path = EventsCollectionViewController.swift; sourceTree = "<group>"; };
		B9A33DD32BF40AE400E47CEA /* UpComingCollectionViewCell.swift */ = {isa = PBXFileReference; lastKnownFileType = sourcecode.swift; path = UpComingCollectionViewCell.swift; sourceTree = "<group>"; };
		B9A33DD52BF40B0400E47CEA /* LatestCollectionViewCell.swift */ = {isa = PBXFileReference; lastKnownFileType = sourcecode.swift; path = LatestCollectionViewCell.swift; sourceTree = "<group>"; };
		B9A33DD72BF40B2200E47CEA /* TeamsCollectionViewCell.swift */ = {isa = PBXFileReference; lastKnownFileType = sourcecode.swift; path = TeamsCollectionViewCell.swift; sourceTree = "<group>"; };
		B9A33DD92BF40B5000E47CEA /* SectionHeaderView.swift */ = {isa = PBXFileReference; lastKnownFileType = sourcecode.swift; path = SectionHeaderView.swift; sourceTree = "<group>"; };
		B9A33DDB2BF40BD000E47CEA /* EventsStoryboard.storyboard */ = {isa = PBXFileReference; lastKnownFileType = file.storyboard; path = EventsStoryboard.storyboard; sourceTree = "<group>"; };
		E81E6EC52BEFA2C100AC2DD6 /* LeaguesViewController.swift */ = {isa = PBXFileReference; lastKnownFileType = sourcecode.swift; path = LeaguesViewController.swift; sourceTree = "<group>"; };
		E81E6EC72BEFA3D500AC2DD6 /* LeagueTableViewCell.swift */ = {isa = PBXFileReference; lastKnownFileType = sourcecode.swift; path = LeagueTableViewCell.swift; sourceTree = "<group>"; };
		E81E6EC82BEFA3D500AC2DD6 /* LeagueTableViewCell.xib */ = {isa = PBXFileReference; lastKnownFileType = file.xib; path = LeagueTableViewCell.xib; sourceTree = "<group>"; };
		E81E6ED02BEFB09800AC2DD6 /* LeaguesViewModel.swift */ = {isa = PBXFileReference; lastKnownFileType = sourcecode.swift; path = LeaguesViewModel.swift; sourceTree = "<group>"; };
		E81E6ED22BEFBD4900AC2DD6 /* NetworkProtocol.swift */ = {isa = PBXFileReference; lastKnownFileType = sourcecode.swift; path = NetworkProtocol.swift; sourceTree = "<group>"; };
		E957B7D62BEF49C4008194B3 /* LeagueResponse.swift */ = {isa = PBXFileReference; lastKnownFileType = sourcecode.swift; path = LeagueResponse.swift; sourceTree = "<group>"; };
		E957B7DA2BEF4A4F008194B3 /* ApiService.swift */ = {isa = PBXFileReference; lastKnownFileType = sourcecode.swift; path = ApiService.swift; sourceTree = "<group>"; };
		E957B7DD2BEF4FE6008194B3 /* EventsResponse.swift */ = {isa = PBXFileReference; lastKnownFileType = sourcecode.swift; path = EventsResponse.swift; sourceTree = "<group>"; };
/* End PBXFileReference section */

/* Begin PBXFrameworksBuildPhase section */
		0098CEE52BEE5F2100138570 /* Frameworks */ = {
			isa = PBXFrameworksBuildPhase;
			buildActionMask = 2147483647;
			files = (
				009D69E62BF50EDE001FFEAD /* Alamofire in Frameworks */,
				E81E6ED62BEFC5D300AC2DD6 /* Kingfisher in Frameworks */,
				00972E702BF3E53000CC123E /* Reachability in Frameworks */,
			);
			runOnlyForDeploymentPostprocessing = 0;
		};
		0098CEFE2BEE5F2300138570 /* Frameworks */ = {
			isa = PBXFrameworksBuildPhase;
			buildActionMask = 2147483647;
			files = (
			);
			runOnlyForDeploymentPostprocessing = 0;
		};
		0098CF082BEE5F2300138570 /* Frameworks */ = {
			isa = PBXFrameworksBuildPhase;
			buildActionMask = 2147483647;
			files = (
			);
			runOnlyForDeploymentPostprocessing = 0;
		};
/* End PBXFrameworksBuildPhase section */

/* Begin PBXGroup section */
		00970B582BF2B8BA007241D9 /* view */ = {
			isa = PBXGroup;
			children = (
				0098CEF72BEE5F2200138570 /* Assets.xcassets */,
				0098CEEF2BEE5F2100138570 /* ViewController.swift */,
				00970B592BF2B8C3007241D9 /* LaunchScreen.storyboard */,
			);
			path = view;
			sourceTree = "<group>";
		};
		00970B5B2BF2BA29007241D9 /* Utility */ = {
			isa = PBXGroup;
			children = (
				00970B5E2BF2C038007241D9 /* ApiConstants.swift */,
			);
			path = Utility;
			sourceTree = "<group>";
		};
		0098CEDF2BEE5F2000138570 = {
			isa = PBXGroup;
			children = (
				0098CEEA2BEE5F2100138570 /* SportsSync */,
				0098CF042BEE5F2300138570 /* SportsSyncTests */,
				0098CF0E2BEE5F2300138570 /* SportsSyncUITests */,
				0098CEE92BEE5F2100138570 /* Products */,
			);
			sourceTree = "<group>";
		};
		0098CEE92BEE5F2100138570 /* Products */ = {
			isa = PBXGroup;
			children = (
				0098CEE82BEE5F2100138570 /* SportsSync.app */,
				0098CF012BEE5F2300138570 /* SportsSyncTests.xctest */,
				0098CF0B2BEE5F2300138570 /* SportsSyncUITests.xctest */,
			);
			name = Products;
			sourceTree = "<group>";
		};
		0098CEEA2BEE5F2100138570 /* SportsSync */ = {
			isa = PBXGroup;
			children = (
				00970B5B2BF2BA29007241D9 /* Utility */,
				00970B582BF2B8BA007241D9 /* view */,
				E81E6ECB2BEFB02600AC2DD6 /* Modules */,
				E957B7D22BEF4919008194B3 /* Model */,
				0098CEEB2BEE5F2100138570 /* AppDelegate.swift */,
				0098CEED2BEE5F2100138570 /* SceneDelegate.swift */,
				0098CEFC2BEE5F2200138570 /* Info.plist */,
				B9A33DC12BF3FD4600E47CEA /* Main.storyboard */,
				B9A33DDB2BF40BD000E47CEA /* EventsStoryboard.storyboard */,
			);
			path = SportsSync;
			sourceTree = "<group>";
		};
		0098CF042BEE5F2300138570 /* SportsSyncTests */ = {
			isa = PBXGroup;
			children = (
				0098CF052BEE5F2300138570 /* SportsSyncTests.swift */,
			);
			path = SportsSyncTests;
			sourceTree = "<group>";
		};
		0098CF0E2BEE5F2300138570 /* SportsSyncUITests */ = {
			isa = PBXGroup;
			children = (
				0098CF0F2BEE5F2300138570 /* SportsSyncUITests.swift */,
				0098CF112BEE5F2300138570 /* SportsSyncUITestsLaunchTests.swift */,
			);
			path = SportsSyncUITests;
			sourceTree = "<group>";
		};
		009BEE782BF159C000D6FB25 /* FavoriteScreen */ = {
			isa = PBXGroup;
			children = (
				009BEE7A2BF159E700D6FB25 /* View */,
				009BEE792BF159DA00D6FB25 /* ViewModel */,
			);
			path = FavoriteScreen;
			sourceTree = "<group>";
		};
		009BEE792BF159DA00D6FB25 /* ViewModel */ = {
			isa = PBXGroup;
			children = (
				009BEE7D2BF15E7B00D6FB25 /* FavoriteViewModel.swift */,
			);
			path = ViewModel;
			sourceTree = "<group>";
		};
		009BEE7A2BF159E700D6FB25 /* View */ = {
			isa = PBXGroup;
			children = (
				009BEE7B2BF15A4300D6FB25 /* FavoriteViewController.swift */,
			);
			path = View;
			sourceTree = "<group>";
		};
		B9A33DC32BF4087D00E47CEA /* TeamDetails */ = {
			isa = PBXGroup;
			children = (
				B9A33DC42BF4089600E47CEA /* View */,
			);
			path = TeamDetails;
			sourceTree = "<group>";
		};
		B9A33DC42BF4089600E47CEA /* View */ = {
			isa = PBXGroup;
			children = (
				B9A33DC62BF4095000E47CEA /* TeamDetailsViewController.swift */,
				B9A33DC82BF4099700E47CEA /* PlayerCollectionViewCell.swift */,
				B9A33DCA2BF409C700E47CEA /* TeamSectionHeader.swift */,
			);
			path = View;
			sourceTree = "<group>";
		};
		B9A33DCC2BF40A2100E47CEA /* EventsScreen */ = {
			isa = PBXGroup;
			children = (
				B9A33DCE2BF40A3700E47CEA /* ViewModel */,
				B9A33DCD2BF40A2D00E47CEA /* View */,
			);
			path = EventsScreen;
			sourceTree = "<group>";
		};
		B9A33DCD2BF40A2D00E47CEA /* View */ = {
			isa = PBXGroup;
			children = (
				B9A33DD12BF40ABA00E47CEA /* EventsCollectionViewController.swift */,
				B9A33DD32BF40AE400E47CEA /* UpComingCollectionViewCell.swift */,
				B9A33DD52BF40B0400E47CEA /* LatestCollectionViewCell.swift */,
				B9A33DD72BF40B2200E47CEA /* TeamsCollectionViewCell.swift */,
				B9A33DD92BF40B5000E47CEA /* SectionHeaderView.swift */,
			);
			path = View;
			sourceTree = "<group>";
		};
		B9A33DCE2BF40A3700E47CEA /* ViewModel */ = {
			isa = PBXGroup;
			children = (
				B9A33DCF2BF40A5D00E47CEA /* EventsViewModel.swift */,
			);
			path = ViewModel;
			sourceTree = "<group>";
		};
		E81E6ECB2BEFB02600AC2DD6 /* Modules */ = {
			isa = PBXGroup;
			children = (
				B9A33DCC2BF40A2100E47CEA /* EventsScreen */,
				B9A33DC32BF4087D00E47CEA /* TeamDetails */,
				009BEE782BF159C000D6FB25 /* FavoriteScreen */,
				E81E6ECD2BEFB04600AC2DD6 /* LeaguesScreen */,
				E81E6ECC2BEFB03800AC2DD6 /* HomeScreen */,
			);
			path = Modules;
			sourceTree = "<group>";
		};
		E81E6ECC2BEFB03800AC2DD6 /* HomeScreen */ = {
			isa = PBXGroup;
			children = (
				0098CF1E2BEE78F600138570 /* HomeViewController.swift */,
			);
			path = HomeScreen;
			sourceTree = "<group>";
		};
		E81E6ECD2BEFB04600AC2DD6 /* LeaguesScreen */ = {
			isa = PBXGroup;
			children = (
				E81E6ECF2BEFB06600AC2DD6 /* View Model */,
				E81E6ECE2BEFB05A00AC2DD6 /* View */,
			);
			path = LeaguesScreen;
			sourceTree = "<group>";
		};
		E81E6ECE2BEFB05A00AC2DD6 /* View */ = {
			isa = PBXGroup;
			children = (
				E81E6EC52BEFA2C100AC2DD6 /* LeaguesViewController.swift */,
				E81E6EC72BEFA3D500AC2DD6 /* LeagueTableViewCell.swift */,
				E81E6EC82BEFA3D500AC2DD6 /* LeagueTableViewCell.xib */,
			);
			path = View;
			sourceTree = "<group>";
		};
		E81E6ECF2BEFB06600AC2DD6 /* View Model */ = {
			isa = PBXGroup;
			children = (
				E81E6ED02BEFB09800AC2DD6 /* LeaguesViewModel.swift */,
			);
			path = "View Model";
			sourceTree = "<group>";
		};
		E957B7D22BEF4919008194B3 /* Model */ = {
			isa = PBXGroup;
			children = (
				E957B7D52BEF4987008194B3 /* Data */,
				E957B7D42BEF495F008194B3 /* DB */,
				E957B7D32BEF4939008194B3 /* Network Service */,
			);
			path = Model;
			sourceTree = "<group>";
		};
		E957B7D32BEF4939008194B3 /* Network Service */ = {
			isa = PBXGroup;
			children = (
				E957B7DA2BEF4A4F008194B3 /* ApiService.swift */,
				E81E6ED22BEFBD4900AC2DD6 /* NetworkProtocol.swift */,
				00972E6C2BF3E16B00CC123E /* NetworkManager.swift */,
			);
			path = "Network Service";
			sourceTree = "<group>";
		};
		E957B7D42BEF495F008194B3 /* DB */ = {
			isa = PBXGroup;
			children = (
				00970B512BF28A1E007241D9 /* SportsSync.xcdatamodeld */,
				009BEE7F2BF1616300D6FB25 /* CoreDataHandler.swift */,
			);
			path = DB;
			sourceTree = "<group>";
		};
		E957B7D52BEF4987008194B3 /* Data */ = {
			isa = PBXGroup;
			children = (
				E957B7D62BEF49C4008194B3 /* LeagueResponse.swift */,
				E957B7DD2BEF4FE6008194B3 /* EventsResponse.swift */,
				B99580B52BEF71A900454827 /* Teams.swift */,
				B99580B72BEF71E200454827 /* Player.swift */,
			);
			path = Data;
			sourceTree = "<group>";
		};
/* End PBXGroup section */

/* Begin PBXNativeTarget section */
		0098CEE72BEE5F2100138570 /* SportsSync */ = {
			isa = PBXNativeTarget;
			buildConfigurationList = 0098CF152BEE5F2300138570 /* Build configuration list for PBXNativeTarget "SportsSync" */;
			buildPhases = (
				0098CEE42BEE5F2100138570 /* Sources */,
				0098CEE52BEE5F2100138570 /* Frameworks */,
				0098CEE62BEE5F2100138570 /* Resources */,
			);
			buildRules = (
			);
			dependencies = (
			);
			name = SportsSync;
			packageProductDependencies = (
				E81E6ED52BEFC5D300AC2DD6 /* Kingfisher */,
				00972E6F2BF3E53000CC123E /* Reachability */,
				009D69E52BF50EDE001FFEAD /* Alamofire */,
			);
			productName = SportsSync;
			productReference = 0098CEE82BEE5F2100138570 /* SportsSync.app */;
			productType = "com.apple.product-type.application";
		};
		0098CF002BEE5F2300138570 /* SportsSyncTests */ = {
			isa = PBXNativeTarget;
			buildConfigurationList = 0098CF182BEE5F2300138570 /* Build configuration list for PBXNativeTarget "SportsSyncTests" */;
			buildPhases = (
				0098CEFD2BEE5F2300138570 /* Sources */,
				0098CEFE2BEE5F2300138570 /* Frameworks */,
				0098CEFF2BEE5F2300138570 /* Resources */,
			);
			buildRules = (
			);
			dependencies = (
				0098CF032BEE5F2300138570 /* PBXTargetDependency */,
			);
			name = SportsSyncTests;
			productName = SportsSyncTests;
			productReference = 0098CF012BEE5F2300138570 /* SportsSyncTests.xctest */;
			productType = "com.apple.product-type.bundle.unit-test";
		};
		0098CF0A2BEE5F2300138570 /* SportsSyncUITests */ = {
			isa = PBXNativeTarget;
			buildConfigurationList = 0098CF1B2BEE5F2300138570 /* Build configuration list for PBXNativeTarget "SportsSyncUITests" */;
			buildPhases = (
				0098CF072BEE5F2300138570 /* Sources */,
				0098CF082BEE5F2300138570 /* Frameworks */,
				0098CF092BEE5F2300138570 /* Resources */,
			);
			buildRules = (
			);
			dependencies = (
				0098CF0D2BEE5F2300138570 /* PBXTargetDependency */,
			);
			name = SportsSyncUITests;
			productName = SportsSyncUITests;
			productReference = 0098CF0B2BEE5F2300138570 /* SportsSyncUITests.xctest */;
			productType = "com.apple.product-type.bundle.ui-testing";
		};
/* End PBXNativeTarget section */

/* Begin PBXProject section */
		0098CEE02BEE5F2000138570 /* Project object */ = {
			isa = PBXProject;
			attributes = {
				BuildIndependentTargetsInParallel = 1;
				LastSwiftUpdateCheck = 1420;
				LastUpgradeCheck = 1420;
				TargetAttributes = {
					0098CEE72BEE5F2100138570 = {
						CreatedOnToolsVersion = 14.2;
					};
					0098CF002BEE5F2300138570 = {
						CreatedOnToolsVersion = 14.2;
						TestTargetID = 0098CEE72BEE5F2100138570;
					};
					0098CF0A2BEE5F2300138570 = {
						CreatedOnToolsVersion = 14.2;
						TestTargetID = 0098CEE72BEE5F2100138570;
					};
				};
			};
			buildConfigurationList = 0098CEE32BEE5F2000138570 /* Build configuration list for PBXProject "SportsSync" */;
			compatibilityVersion = "Xcode 14.0";
			developmentRegion = en;
			hasScannedForEncodings = 0;
			knownRegions = (
				en,
				Base,
			);
			mainGroup = 0098CEDF2BEE5F2000138570;
			packageReferences = (
				E81E6ED42BEFC5D300AC2DD6 /* XCRemoteSwiftPackageReference "Kingfisher" */,
				00972E6E2BF3E53000CC123E /* XCRemoteSwiftPackageReference "Reachability.swift" */,
				009D69E42BF50EDE001FFEAD /* XCRemoteSwiftPackageReference "Alamofire" */,
			);
			productRefGroup = 0098CEE92BEE5F2100138570 /* Products */;
			projectDirPath = "";
			projectRoot = "";
			targets = (
				0098CEE72BEE5F2100138570 /* SportsSync */,
				0098CF002BEE5F2300138570 /* SportsSyncTests */,
				0098CF0A2BEE5F2300138570 /* SportsSyncUITests */,
			);
		};
/* End PBXProject section */

/* Begin PBXResourcesBuildPhase section */
		0098CEE62BEE5F2100138570 /* Resources */ = {
			isa = PBXResourcesBuildPhase;
			buildActionMask = 2147483647;
			files = (
				B9A33DDC2BF40BD000E47CEA /* EventsStoryboard.storyboard in Resources */,
				B9A33DC22BF3FD4600E47CEA /* Main.storyboard in Resources */,
				0098CEF82BEE5F2200138570 /* Assets.xcassets in Resources */,
				E81E6ECA2BEFA3D500AC2DD6 /* LeagueTableViewCell.xib in Resources */,
			);
			runOnlyForDeploymentPostprocessing = 0;
		};
		0098CEFF2BEE5F2300138570 /* Resources */ = {
			isa = PBXResourcesBuildPhase;
			buildActionMask = 2147483647;
			files = (
			);
			runOnlyForDeploymentPostprocessing = 0;
		};
		0098CF092BEE5F2300138570 /* Resources */ = {
			isa = PBXResourcesBuildPhase;
			buildActionMask = 2147483647;
			files = (
			);
			runOnlyForDeploymentPostprocessing = 0;
		};
/* End PBXResourcesBuildPhase section */

/* Begin PBXSourcesBuildPhase section */
		0098CEE42BEE5F2100138570 /* Sources */ = {
			isa = PBXSourcesBuildPhase;
			buildActionMask = 2147483647;
			files = (
				00972E6D2BF3E16B00CC123E /* NetworkManager.swift in Sources */,
				B9A33DD42BF40AE400E47CEA /* UpComingCollectionViewCell.swift in Sources */,
				B99580B62BEF71A900454827 /* Teams.swift in Sources */,
				B9A33DC92BF4099700E47CEA /* PlayerCollectionViewCell.swift in Sources */,
				E81E6ED12BEFB09800AC2DD6 /* LeaguesViewModel.swift in Sources */,
				E957B7D72BEF49C4008194B3 /* LeagueResponse.swift in Sources */,
				009BEE802BF1616300D6FB25 /* CoreDataHandler.swift in Sources */,
				B9A33DD62BF40B0400E47CEA /* LatestCollectionViewCell.swift in Sources */,
				0098CF1F2BEE78F600138570 /* HomeViewController.swift in Sources */,
				B9A33DD82BF40B2200E47CEA /* TeamsCollectionViewCell.swift in Sources */,
				B9A33DD22BF40ABA00E47CEA /* EventsCollectionViewController.swift in Sources */,
				B9A33DDA2BF40B5000E47CEA /* SectionHeaderView.swift in Sources */,
				B9A33DCB2BF409C700E47CEA /* TeamSectionHeader.swift in Sources */,
				009BEE7C2BF15A4300D6FB25 /* FavoriteViewController.swift in Sources */,
				E81E6EC62BEFA2C100AC2DD6 /* LeaguesViewController.swift in Sources */,
				B9A33DD02BF40A5D00E47CEA /* EventsViewModel.swift in Sources */,
				0098CEF02BEE5F2100138570 /* ViewController.swift in Sources */,
				E957B7DE2BEF4FE6008194B3 /* EventsResponse.swift in Sources */,
				0098CEEC2BEE5F2100138570 /* AppDelegate.swift in Sources */,
				0098CEEE2BEE5F2100138570 /* SceneDelegate.swift in Sources */,
				E957B7DB2BEF4A4F008194B3 /* ApiService.swift in Sources */,
				E81E6ED32BEFBD4900AC2DD6 /* NetworkProtocol.swift in Sources */,
				B99580B82BEF71E200454827 /* Player.swift in Sources */,
				00970B5F2BF2C038007241D9 /* ApiConstants.swift in Sources */,
				009BEE7E2BF15E7B00D6FB25 /* FavoriteViewModel.swift in Sources */,
				E81E6EC92BEFA3D500AC2DD6 /* LeagueTableViewCell.swift in Sources */,
				B9A33DC72BF4095000E47CEA /* TeamDetailsViewController.swift in Sources */,
				00970B532BF28A1E007241D9 /* SportsSync.xcdatamodeld in Sources */,
			);
			runOnlyForDeploymentPostprocessing = 0;
		};
		0098CEFD2BEE5F2300138570 /* Sources */ = {
			isa = PBXSourcesBuildPhase;
			buildActionMask = 2147483647;
			files = (
				0098CF062BEE5F2300138570 /* SportsSyncTests.swift in Sources */,
			);
			runOnlyForDeploymentPostprocessing = 0;
		};
		0098CF072BEE5F2300138570 /* Sources */ = {
			isa = PBXSourcesBuildPhase;
			buildActionMask = 2147483647;
			files = (
				0098CF122BEE5F2300138570 /* SportsSyncUITestsLaunchTests.swift in Sources */,
				0098CF102BEE5F2300138570 /* SportsSyncUITests.swift in Sources */,
			);
			runOnlyForDeploymentPostprocessing = 0;
		};
/* End PBXSourcesBuildPhase section */

/* Begin PBXTargetDependency section */
		0098CF032BEE5F2300138570 /* PBXTargetDependency */ = {
			isa = PBXTargetDependency;
			target = 0098CEE72BEE5F2100138570 /* SportsSync */;
			targetProxy = 0098CF022BEE5F2300138570 /* PBXContainerItemProxy */;
		};
		0098CF0D2BEE5F2300138570 /* PBXTargetDependency */ = {
			isa = PBXTargetDependency;
			target = 0098CEE72BEE5F2100138570 /* SportsSync */;
			targetProxy = 0098CF0C2BEE5F2300138570 /* PBXContainerItemProxy */;
		};
/* End PBXTargetDependency section */

/* Begin XCBuildConfiguration section */
		0098CF132BEE5F2300138570 /* Debug */ = {
			isa = XCBuildConfiguration;
			buildSettings = {
				ALWAYS_SEARCH_USER_PATHS = NO;
				CLANG_ANALYZER_NONNULL = YES;
				CLANG_ANALYZER_NUMBER_OBJECT_CONVERSION = YES_AGGRESSIVE;
				CLANG_CXX_LANGUAGE_STANDARD = "gnu++20";
				CLANG_ENABLE_MODULES = YES;
				CLANG_ENABLE_OBJC_ARC = YES;
				CLANG_ENABLE_OBJC_WEAK = YES;
				CLANG_WARN_BLOCK_CAPTURE_AUTORELEASING = YES;
				CLANG_WARN_BOOL_CONVERSION = YES;
				CLANG_WARN_COMMA = YES;
				CLANG_WARN_CONSTANT_CONVERSION = YES;
				CLANG_WARN_DEPRECATED_OBJC_IMPLEMENTATIONS = YES;
				CLANG_WARN_DIRECT_OBJC_ISA_USAGE = YES_ERROR;
				CLANG_WARN_DOCUMENTATION_COMMENTS = YES;
				CLANG_WARN_EMPTY_BODY = YES;
				CLANG_WARN_ENUM_CONVERSION = YES;
				CLANG_WARN_INFINITE_RECURSION = YES;
				CLANG_WARN_INT_CONVERSION = YES;
				CLANG_WARN_NON_LITERAL_NULL_CONVERSION = YES;
				CLANG_WARN_OBJC_IMPLICIT_RETAIN_SELF = YES;
				CLANG_WARN_OBJC_LITERAL_CONVERSION = YES;
				CLANG_WARN_OBJC_ROOT_CLASS = YES_ERROR;
				CLANG_WARN_QUOTED_INCLUDE_IN_FRAMEWORK_HEADER = YES;
				CLANG_WARN_RANGE_LOOP_ANALYSIS = YES;
				CLANG_WARN_STRICT_PROTOTYPES = YES;
				CLANG_WARN_SUSPICIOUS_MOVE = YES;
				CLANG_WARN_UNGUARDED_AVAILABILITY = YES_AGGRESSIVE;
				CLANG_WARN_UNREACHABLE_CODE = YES;
				CLANG_WARN__DUPLICATE_METHOD_MATCH = YES;
				COPY_PHASE_STRIP = NO;
				DEBUG_INFORMATION_FORMAT = dwarf;
				ENABLE_STRICT_OBJC_MSGSEND = YES;
				ENABLE_TESTABILITY = YES;
				GCC_C_LANGUAGE_STANDARD = gnu11;
				GCC_DYNAMIC_NO_PIC = NO;
				GCC_NO_COMMON_BLOCKS = YES;
				GCC_OPTIMIZATION_LEVEL = 0;
				GCC_PREPROCESSOR_DEFINITIONS = (
					"DEBUG=1",
					"$(inherited)",
				);
				GCC_WARN_64_TO_32_BIT_CONVERSION = YES;
				GCC_WARN_ABOUT_RETURN_TYPE = YES_ERROR;
				GCC_WARN_UNDECLARED_SELECTOR = YES;
				GCC_WARN_UNINITIALIZED_AUTOS = YES_AGGRESSIVE;
				GCC_WARN_UNUSED_FUNCTION = YES;
				GCC_WARN_UNUSED_VARIABLE = YES;
				IPHONEOS_DEPLOYMENT_TARGET = 16.2;
				MTL_ENABLE_DEBUG_INFO = INCLUDE_SOURCE;
				MTL_FAST_MATH = YES;
				ONLY_ACTIVE_ARCH = YES;
				SDKROOT = iphoneos;
				SWIFT_ACTIVE_COMPILATION_CONDITIONS = DEBUG;
				SWIFT_OPTIMIZATION_LEVEL = "-Onone";
			};
			name = Debug;
		};
		0098CF142BEE5F2300138570 /* Release */ = {
			isa = XCBuildConfiguration;
			buildSettings = {
				ALWAYS_SEARCH_USER_PATHS = NO;
				CLANG_ANALYZER_NONNULL = YES;
				CLANG_ANALYZER_NUMBER_OBJECT_CONVERSION = YES_AGGRESSIVE;
				CLANG_CXX_LANGUAGE_STANDARD = "gnu++20";
				CLANG_ENABLE_MODULES = YES;
				CLANG_ENABLE_OBJC_ARC = YES;
				CLANG_ENABLE_OBJC_WEAK = YES;
				CLANG_WARN_BLOCK_CAPTURE_AUTORELEASING = YES;
				CLANG_WARN_BOOL_CONVERSION = YES;
				CLANG_WARN_COMMA = YES;
				CLANG_WARN_CONSTANT_CONVERSION = YES;
				CLANG_WARN_DEPRECATED_OBJC_IMPLEMENTATIONS = YES;
				CLANG_WARN_DIRECT_OBJC_ISA_USAGE = YES_ERROR;
				CLANG_WARN_DOCUMENTATION_COMMENTS = YES;
				CLANG_WARN_EMPTY_BODY = YES;
				CLANG_WARN_ENUM_CONVERSION = YES;
				CLANG_WARN_INFINITE_RECURSION = YES;
				CLANG_WARN_INT_CONVERSION = YES;
				CLANG_WARN_NON_LITERAL_NULL_CONVERSION = YES;
				CLANG_WARN_OBJC_IMPLICIT_RETAIN_SELF = YES;
				CLANG_WARN_OBJC_LITERAL_CONVERSION = YES;
				CLANG_WARN_OBJC_ROOT_CLASS = YES_ERROR;
				CLANG_WARN_QUOTED_INCLUDE_IN_FRAMEWORK_HEADER = YES;
				CLANG_WARN_RANGE_LOOP_ANALYSIS = YES;
				CLANG_WARN_STRICT_PROTOTYPES = YES;
				CLANG_WARN_SUSPICIOUS_MOVE = YES;
				CLANG_WARN_UNGUARDED_AVAILABILITY = YES_AGGRESSIVE;
				CLANG_WARN_UNREACHABLE_CODE = YES;
				CLANG_WARN__DUPLICATE_METHOD_MATCH = YES;
				COPY_PHASE_STRIP = NO;
				DEBUG_INFORMATION_FORMAT = "dwarf-with-dsym";
				ENABLE_NS_ASSERTIONS = NO;
				ENABLE_STRICT_OBJC_MSGSEND = YES;
				GCC_C_LANGUAGE_STANDARD = gnu11;
				GCC_NO_COMMON_BLOCKS = YES;
				GCC_WARN_64_TO_32_BIT_CONVERSION = YES;
				GCC_WARN_ABOUT_RETURN_TYPE = YES_ERROR;
				GCC_WARN_UNDECLARED_SELECTOR = YES;
				GCC_WARN_UNINITIALIZED_AUTOS = YES_AGGRESSIVE;
				GCC_WARN_UNUSED_FUNCTION = YES;
				GCC_WARN_UNUSED_VARIABLE = YES;
				IPHONEOS_DEPLOYMENT_TARGET = 16.2;
				MTL_ENABLE_DEBUG_INFO = NO;
				MTL_FAST_MATH = YES;
				SDKROOT = iphoneos;
				SWIFT_COMPILATION_MODE = wholemodule;
				SWIFT_OPTIMIZATION_LEVEL = "-O";
				VALIDATE_PRODUCT = YES;
			};
			name = Release;
		};
		0098CF162BEE5F2300138570 /* Debug */ = {
			isa = XCBuildConfiguration;
			buildSettings = {
				ASSETCATALOG_COMPILER_APPICON_NAME = AppIcon;
				ASSETCATALOG_COMPILER_GLOBAL_ACCENT_COLOR_NAME = AccentColor;
				CODE_SIGN_STYLE = Automatic;
				CURRENT_PROJECT_VERSION = 1;
				GENERATE_INFOPLIST_FILE = YES;
				INFOPLIST_FILE = SportsSync/Info.plist;
				INFOPLIST_KEY_UIApplicationSupportsIndirectInputEvents = YES;
				INFOPLIST_KEY_UILaunchStoryboardName = LaunchScreen;
				INFOPLIST_KEY_UIMainStoryboardFile = Main;
				INFOPLIST_KEY_UISupportedInterfaceOrientations_iPad = "UIInterfaceOrientationPortrait UIInterfaceOrientationPortraitUpsideDown UIInterfaceOrientationLandscapeLeft UIInterfaceOrientationLandscapeRight";
				INFOPLIST_KEY_UISupportedInterfaceOrientations_iPhone = "UIInterfaceOrientationPortrait UIInterfaceOrientationLandscapeLeft UIInterfaceOrientationLandscapeRight";
				IPHONEOS_DEPLOYMENT_TARGET = 16;
				LD_RUNPATH_SEARCH_PATHS = (
					"$(inherited)",
					"@executable_path/Frameworks",
				);
				MARKETING_VERSION = 1.0;
				PRODUCT_BUNDLE_IDENTIFIER = iTi.SportsSync;
				PRODUCT_NAME = "$(TARGET_NAME)";
				SWIFT_EMIT_LOC_STRINGS = YES;
				SWIFT_VERSION = 5.0;
				TARGETED_DEVICE_FAMILY = "1,2";
			};
			name = Debug;
		};
		0098CF172BEE5F2300138570 /* Release */ = {
			isa = XCBuildConfiguration;
			buildSettings = {
				ASSETCATALOG_COMPILER_APPICON_NAME = AppIcon;
				ASSETCATALOG_COMPILER_GLOBAL_ACCENT_COLOR_NAME = AccentColor;
				CODE_SIGN_STYLE = Automatic;
				CURRENT_PROJECT_VERSION = 1;
				GENERATE_INFOPLIST_FILE = YES;
				INFOPLIST_FILE = SportsSync/Info.plist;
				INFOPLIST_KEY_UIApplicationSupportsIndirectInputEvents = YES;
				INFOPLIST_KEY_UILaunchStoryboardName = LaunchScreen;
				INFOPLIST_KEY_UIMainStoryboardFile = Main;
				INFOPLIST_KEY_UISupportedInterfaceOrientations_iPad = "UIInterfaceOrientationPortrait UIInterfaceOrientationPortraitUpsideDown UIInterfaceOrientationLandscapeLeft UIInterfaceOrientationLandscapeRight";
				INFOPLIST_KEY_UISupportedInterfaceOrientations_iPhone = "UIInterfaceOrientationPortrait UIInterfaceOrientationLandscapeLeft UIInterfaceOrientationLandscapeRight";
				IPHONEOS_DEPLOYMENT_TARGET = 16;
				LD_RUNPATH_SEARCH_PATHS = (
					"$(inherited)",
					"@executable_path/Frameworks",
				);
				MARKETING_VERSION = 1.0;
				PRODUCT_BUNDLE_IDENTIFIER = iTi.SportsSync;
				PRODUCT_NAME = "$(TARGET_NAME)";
				SWIFT_EMIT_LOC_STRINGS = YES;
				SWIFT_VERSION = 5.0;
				TARGETED_DEVICE_FAMILY = "1,2";
			};
			name = Release;
		};
		0098CF192BEE5F2300138570 /* Debug */ = {
			isa = XCBuildConfiguration;
			buildSettings = {
				ALWAYS_EMBED_SWIFT_STANDARD_LIBRARIES = YES;
				BUNDLE_LOADER = "$(TEST_HOST)";
				CODE_SIGN_STYLE = Automatic;
				CURRENT_PROJECT_VERSION = 1;
				GENERATE_INFOPLIST_FILE = YES;
				IPHONEOS_DEPLOYMENT_TARGET = 16.2;
				MARKETING_VERSION = 1.0;
				PRODUCT_BUNDLE_IDENTIFIER = iTi.SportsSyncTests;
				PRODUCT_NAME = "$(TARGET_NAME)";
				SWIFT_EMIT_LOC_STRINGS = NO;
				SWIFT_VERSION = 5.0;
				TARGETED_DEVICE_FAMILY = "1,2";
				TEST_HOST = "$(BUILT_PRODUCTS_DIR)/SportsSync.app/$(BUNDLE_EXECUTABLE_FOLDER_PATH)/SportsSync";
			};
			name = Debug;
		};
		0098CF1A2BEE5F2300138570 /* Release */ = {
			isa = XCBuildConfiguration;
			buildSettings = {
				ALWAYS_EMBED_SWIFT_STANDARD_LIBRARIES = YES;
				BUNDLE_LOADER = "$(TEST_HOST)";
				CODE_SIGN_STYLE = Automatic;
				CURRENT_PROJECT_VERSION = 1;
				GENERATE_INFOPLIST_FILE = YES;
				IPHONEOS_DEPLOYMENT_TARGET = 16.2;
				MARKETING_VERSION = 1.0;
				PRODUCT_BUNDLE_IDENTIFIER = iTi.SportsSyncTests;
				PRODUCT_NAME = "$(TARGET_NAME)";
				SWIFT_EMIT_LOC_STRINGS = NO;
				SWIFT_VERSION = 5.0;
				TARGETED_DEVICE_FAMILY = "1,2";
				TEST_HOST = "$(BUILT_PRODUCTS_DIR)/SportsSync.app/$(BUNDLE_EXECUTABLE_FOLDER_PATH)/SportsSync";
			};
			name = Release;
		};
		0098CF1C2BEE5F2300138570 /* Debug */ = {
			isa = XCBuildConfiguration;
			buildSettings = {
				ALWAYS_EMBED_SWIFT_STANDARD_LIBRARIES = YES;
				CODE_SIGN_STYLE = Automatic;
				CURRENT_PROJECT_VERSION = 1;
				GENERATE_INFOPLIST_FILE = YES;
				MARKETING_VERSION = 1.0;
				PRODUCT_BUNDLE_IDENTIFIER = iTi.SportsSyncUITests;
				PRODUCT_NAME = "$(TARGET_NAME)";
				SWIFT_EMIT_LOC_STRINGS = NO;
				SWIFT_VERSION = 5.0;
				TARGETED_DEVICE_FAMILY = "1,2";
				TEST_TARGET_NAME = SportsSync;
			};
			name = Debug;
		};
		0098CF1D2BEE5F2300138570 /* Release */ = {
			isa = XCBuildConfiguration;
			buildSettings = {
				ALWAYS_EMBED_SWIFT_STANDARD_LIBRARIES = YES;
				CODE_SIGN_STYLE = Automatic;
				CURRENT_PROJECT_VERSION = 1;
				GENERATE_INFOPLIST_FILE = YES;
				MARKETING_VERSION = 1.0;
				PRODUCT_BUNDLE_IDENTIFIER = iTi.SportsSyncUITests;
				PRODUCT_NAME = "$(TARGET_NAME)";
				SWIFT_EMIT_LOC_STRINGS = NO;
				SWIFT_VERSION = 5.0;
				TARGETED_DEVICE_FAMILY = "1,2";
				TEST_TARGET_NAME = SportsSync;
			};
			name = Release;
		};
/* End XCBuildConfiguration section */

/* Begin XCConfigurationList section */
		0098CEE32BEE5F2000138570 /* Build configuration list for PBXProject "SportsSync" */ = {
			isa = XCConfigurationList;
			buildConfigurations = (
				0098CF132BEE5F2300138570 /* Debug */,
				0098CF142BEE5F2300138570 /* Release */,
			);
			defaultConfigurationIsVisible = 0;
			defaultConfigurationName = Release;
		};
		0098CF152BEE5F2300138570 /* Build configuration list for PBXNativeTarget "SportsSync" */ = {
			isa = XCConfigurationList;
			buildConfigurations = (
				0098CF162BEE5F2300138570 /* Debug */,
				0098CF172BEE5F2300138570 /* Release */,
			);
			defaultConfigurationIsVisible = 0;
			defaultConfigurationName = Release;
		};
		0098CF182BEE5F2300138570 /* Build configuration list for PBXNativeTarget "SportsSyncTests" */ = {
			isa = XCConfigurationList;
			buildConfigurations = (
				0098CF192BEE5F2300138570 /* Debug */,
				0098CF1A2BEE5F2300138570 /* Release */,
			);
			defaultConfigurationIsVisible = 0;
			defaultConfigurationName = Release;
		};
		0098CF1B2BEE5F2300138570 /* Build configuration list for PBXNativeTarget "SportsSyncUITests" */ = {
			isa = XCConfigurationList;
			buildConfigurations = (
				0098CF1C2BEE5F2300138570 /* Debug */,
				0098CF1D2BEE5F2300138570 /* Release */,
			);
			defaultConfigurationIsVisible = 0;
			defaultConfigurationName = Release;
		};
/* End XCConfigurationList section */

/* Begin XCRemoteSwiftPackageReference section */
		00972E6E2BF3E53000CC123E /* XCRemoteSwiftPackageReference "Reachability.swift" */ = {
			isa = XCRemoteSwiftPackageReference;
			repositoryURL = "https://github.com/ashleymills/Reachability.swift.git";
			requirement = {
				branch = master;
				kind = branch;
			};
		};
		009D69E42BF50EDE001FFEAD /* XCRemoteSwiftPackageReference "Alamofire" */ = {
			isa = XCRemoteSwiftPackageReference;
			repositoryURL = "https://github.com/Alamofire/Alamofire.git";
			requirement = {
				branch = master;
				kind = branch;
			};
		};
		E81E6ED42BEFC5D300AC2DD6 /* XCRemoteSwiftPackageReference "Kingfisher" */ = {
			isa = XCRemoteSwiftPackageReference;
			repositoryURL = "https://github.com/onevcat/Kingfisher.git";
			requirement = {
				kind = upToNextMajorVersion;
				minimumVersion = 7.11.0;
			};
		};
/* End XCRemoteSwiftPackageReference section */

/* Begin XCSwiftPackageProductDependency section */
		00972E6F2BF3E53000CC123E /* Reachability */ = {
			isa = XCSwiftPackageProductDependency;
			package = 00972E6E2BF3E53000CC123E /* XCRemoteSwiftPackageReference "Reachability.swift" */;
			productName = Reachability;
		};
		009D69E52BF50EDE001FFEAD /* Alamofire */ = {
			isa = XCSwiftPackageProductDependency;
			package = 009D69E42BF50EDE001FFEAD /* XCRemoteSwiftPackageReference "Alamofire" */;
			productName = Alamofire;
		};
		E81E6ED52BEFC5D300AC2DD6 /* Kingfisher */ = {
			isa = XCSwiftPackageProductDependency;
			package = E81E6ED42BEFC5D300AC2DD6 /* XCRemoteSwiftPackageReference "Kingfisher" */;
			productName = Kingfisher;
		};
/* End XCSwiftPackageProductDependency section */

/* Begin XCVersionGroup section */
		00970B512BF28A1E007241D9 /* SportsSync.xcdatamodeld */ = {
			isa = XCVersionGroup;
			children = (
				00970B522BF28A1E007241D9 /* SportsSync.xcdatamodel */,
			);
			currentVersion = 00970B522BF28A1E007241D9 /* SportsSync.xcdatamodel */;
			name = SportsSync.xcdatamodeld;
			path = "../../Modules/LeaguesScreen/View Model/SportsSync.xcdatamodeld";
			sourceTree = "<group>";
			versionGroupType = wrapper.xcdatamodel;
		};
/* End XCVersionGroup section */
	};
	rootObject = 0098CEE02BEE5F2000138570 /* Project object */;
}
